
Microsoft Visual Studio Solution File, Format Version 12.00
# Visual Studio Version 16
VisualStudioVersion = 16.0.32106.194
MinimumVisualStudioVersion = 10.0.40219.1
Project("{FAE04EC0-301F-11D3-BF4B-00C04F79EFBC}") = "10_02_2022_AdoNetGiris", "10_02_2022_AdoNetGiris\10_02_2022_AdoNetGiris.csproj", "{2E8E2DBF-8200-4DA8-8F15-75726302EB7A}"
EndProject
Project("{FAE04EC0-301F-11D3-BF4B-00C04F79EFBC}") = "TelefonRehberi", "TelefonRehberi\TelefonRehberi.csproj", "{00006927-5B61-42BA-AC64-2C8F6B2FF5AB}"
EndProject
Global
	GlobalSection(SolutionConfigurationPlatforms) = preSolution
		Debug|Any CPU = Debug|Any CPU
		Release|Any CPU = Release|Any CPU
	EndGlobalSection
	GlobalSection(ProjectConfigurationPlatforms) = postSolution
		{2E8E2DBF-8200-4DA8-8F15-75726302EB7A}.Debug|Any CPU.ActiveCfg = Debug|Any CPU
		{2E8E2DBF-8200-4DA8-8F15-75726302EB7A}.Debug|Any CPU.Build.0 = Debug|Any CPU
		{2E8E2DBF-8200-4DA8-8F15-75726302EB7A}.Release|Any CPU.ActiveCfg = Release|Any CPU
		{2E8E2DBF-8200-4DA8-8F15-75726302EB7A}.Release|Any CPU.Build.0 = Release|Any CPU
		{00006927-5B61-42BA-AC64-2C8F6B2FF5AB}.Debug|Any CPU.ActiveCfg = Debug|Any CPU
		{00006927-5B61-42BA-AC64-2C8F6B2FF5AB}.Debug|Any CPU.Build.0 = Debug|Any CPU
		{00006927-5B61-42BA-AC64-2C8F6B2FF5AB}.Release|Any CPU.ActiveCfg = Release|Any CPU
		{00006927-5B61-42BA-AC64-2C8F6B2FF5AB}.Release|Any CPU.Build.0 = Release|Any CPU
	EndGlobalSection
	GlobalSection(SolutionProperties) = preSolution
		HideSolutionNode = FALSE
	EndGlobalSection
	GlobalSection(ExtensibilityGlobals) = postSolution
		SolutionGuid = {236D6454-07D8-4311-949C-C40C746FC5D0}
	EndGlobalSection
EndGlobal
